
Microsoft Visual Studio Solution File, Format Version 12.00
# Visual Studio Version 17
VisualStudioVersion = 17.5.002.0
MinimumVisualStudioVersion = 10.0.40219.1
Project("{9A19103F-16F7-4668-BE54-9A1E7A4F7556}") = "EditorHtml", "EditorHtml.csproj", "{266B2B57-EB4E-4AA2-B4C8-733125841CF3}"
EndProject
Global
	GlobalSection(SolutionConfigurationPlatforms) = preSolution
		Debug|Any CPU = Debug|Any CPU
		Release|Any CPU = Release|Any CPU
	EndGlobalSection
	GlobalSection(ProjectConfigurationPlatforms) = postSolution
		{266B2B57-EB4E-4AA2-B4C8-733125841CF3}.Debug|Any CPU.ActiveCfg = Debug|Any CPU
		{266B2B57-EB4E-4AA2-B4C8-733125841CF3}.Debug|Any CPU.Build.0 = Debug|Any CPU
		{266B2B57-EB4E-4AA2-B4C8-733125841CF3}.Release|Any CPU.ActiveCfg = Release|Any CPU
		{266B2B57-EB4E-4AA2-B4C8-733125841CF3}.Release|Any CPU.Build.0 = Release|Any CPU
	EndGlobalSection
	GlobalSection(SolutionProperties) = preSolution
		HideSolutionNode = FALSE
	EndGlobalSection
	GlobalSection(ExtensibilityGlobals) = postSolution
		SolutionGuid = {CC17274B-4062-4C63-8639-D16EA6011673}
	EndGlobalSection
EndGlobal
